
Microsoft Visual Studio Solution File, Format Version 12.00
Project("{2150E333-8FDC-42A3-9474-1A3956D46DE8}") = "src", "src", "{8517AB23-67FA-4B0C-A3DE-6B9870358F91}"
EndProject
Project("{2150E333-8FDC-42A3-9474-1A3956D46DE8}") = "tests", "tests", "{1AE1DB74-5BCB-4421-BFC8-965DCEB9074B}"
EndProject
Project("{FAE04EC0-301F-11D3-BF4B-00C04F79EFBC}") = "CashFlow.API", "src\CashFlow.API\CashFlow.API.csproj", "{05B37F48-3DDF-4142-820B-B739106847A0}"
EndProject
Project("{FAE04EC0-301F-11D3-BF4B-00C04F79EFBC}") = "CashFlow.Domain", "src\CashFlow.Domain\CashFlow.Domain.csproj", "{4A1BFFCB-361C-4BF1-AF8F-5DA8B76EA3F7}"
EndProject
Project("{FAE04EC0-301F-11D3-BF4B-00C04F79EFBC}") = "CashFlow.Application", "src\CashFlow.Application\CashFlow.Application.csproj", "{FE0D9390-1C1C-48F4-BAC8-822DD0B1DD47}"
EndProject
Project("{FAE04EC0-301F-11D3-BF4B-00C04F79EFBC}") = "CashFlow.Communication", "src\CashFlow.Communication\CashFlow.Communication.csproj", "{87FE85C3-8AE4-431D-A49C-F86FB459A03E}"
EndProject
Project("{FAE04EC0-301F-11D3-BF4B-00C04F79EFBC}") = "CashFlow.Exception", "src\CashFlow.Exception\CashFlow.Exception.csproj", "{0B7C3CE3-C1AA-4A7D-8A6F-68E833CB795C}"
EndProject
Project("{FAE04EC0-301F-11D3-BF4B-00C04F79EFBC}") = "CashFlow.Infrastructure", "src\CashFlow.Infrastructure\CashFlow.Infrastructure.csproj", "{3F297800-0181-4130-9951-51A8FA3E9874}"
EndProject
Project("{FAE04EC0-301F-11D3-BF4B-00C04F79EFBC}") = "Validators.Tests", "tests\Validators.Tests\Validators.Tests.csproj", "{65EFAFEE-E209-4A11-B131-94158570C65C}"
EndProject
Project("{FAE04EC0-301F-11D3-BF4B-00C04F79EFBC}") = "CommonTestUtilities", "CommonTestUtilities\CommonTestUtilities.csproj", "{06929F1D-9A15-4A1F-8DF6-13DA0181AA71}"
EndProject
Global
	GlobalSection(SolutionConfigurationPlatforms) = preSolution
		Debug|Any CPU = Debug|Any CPU
		Release|Any CPU = Release|Any CPU
	EndGlobalSection
	GlobalSection(NestedProjects) = preSolution
		{05B37F48-3DDF-4142-820B-B739106847A0} = {8517AB23-67FA-4B0C-A3DE-6B9870358F91}
		{4A1BFFCB-361C-4BF1-AF8F-5DA8B76EA3F7} = {8517AB23-67FA-4B0C-A3DE-6B9870358F91}
		{FE0D9390-1C1C-48F4-BAC8-822DD0B1DD47} = {8517AB23-67FA-4B0C-A3DE-6B9870358F91}
		{87FE85C3-8AE4-431D-A49C-F86FB459A03E} = {8517AB23-67FA-4B0C-A3DE-6B9870358F91}
		{0B7C3CE3-C1AA-4A7D-8A6F-68E833CB795C} = {8517AB23-67FA-4B0C-A3DE-6B9870358F91}
		{3F297800-0181-4130-9951-51A8FA3E9874} = {8517AB23-67FA-4B0C-A3DE-6B9870358F91}
		{65EFAFEE-E209-4A11-B131-94158570C65C} = {1AE1DB74-5BCB-4421-BFC8-965DCEB9074B}
		{06929F1D-9A15-4A1F-8DF6-13DA0181AA71} = {1AE1DB74-5BCB-4421-BFC8-965DCEB9074B}
	EndGlobalSection
	GlobalSection(ProjectConfigurationPlatforms) = postSolution
		{05B37F48-3DDF-4142-820B-B739106847A0}.Debug|Any CPU.ActiveCfg = Debug|Any CPU
		{05B37F48-3DDF-4142-820B-B739106847A0}.Debug|Any CPU.Build.0 = Debug|Any CPU
		{05B37F48-3DDF-4142-820B-B739106847A0}.Release|Any CPU.ActiveCfg = Release|Any CPU
		{05B37F48-3DDF-4142-820B-B739106847A0}.Release|Any CPU.Build.0 = Release|Any CPU
		{4A1BFFCB-361C-4BF1-AF8F-5DA8B76EA3F7}.Debug|Any CPU.ActiveCfg = Debug|Any CPU
		{4A1BFFCB-361C-4BF1-AF8F-5DA8B76EA3F7}.Debug|Any CPU.Build.0 = Debug|Any CPU
		{4A1BFFCB-361C-4BF1-AF8F-5DA8B76EA3F7}.Release|Any CPU.ActiveCfg = Release|Any CPU
		{4A1BFFCB-361C-4BF1-AF8F-5DA8B76EA3F7}.Release|Any CPU.Build.0 = Release|Any CPU
		{FE0D9390-1C1C-48F4-BAC8-822DD0B1DD47}.Debug|Any CPU.ActiveCfg = Debug|Any CPU
		{FE0D9390-1C1C-48F4-BAC8-822DD0B1DD47}.Debug|Any CPU.Build.0 = Debug|Any CPU
		{FE0D9390-1C1C-48F4-BAC8-822DD0B1DD47}.Release|Any CPU.ActiveCfg = Release|Any CPU
		{FE0D9390-1C1C-48F4-BAC8-822DD0B1DD47}.Release|Any CPU.Build.0 = Release|Any CPU
		{87FE85C3-8AE4-431D-A49C-F86FB459A03E}.Debug|Any CPU.ActiveCfg = Debug|Any CPU
		{87FE85C3-8AE4-431D-A49C-F86FB459A03E}.Debug|Any CPU.Build.0 = Debug|Any CPU
		{87FE85C3-8AE4-431D-A49C-F86FB459A03E}.Release|Any CPU.ActiveCfg = Release|Any CPU
		{87FE85C3-8AE4-431D-A49C-F86FB459A03E}.Release|Any CPU.Build.0 = Release|Any CPU
		{0B7C3CE3-C1AA-4A7D-8A6F-68E833CB795C}.Debug|Any CPU.ActiveCfg = Debug|Any CPU
		{0B7C3CE3-C1AA-4A7D-8A6F-68E833CB795C}.Debug|Any CPU.Build.0 = Debug|Any CPU
		{0B7C3CE3-C1AA-4A7D-8A6F-68E833CB795C}.Release|Any CPU.ActiveCfg = Release|Any CPU
		{0B7C3CE3-C1AA-4A7D-8A6F-68E833CB795C}.Release|Any CPU.Build.0 = Release|Any CPU
		{3F297800-0181-4130-9951-51A8FA3E9874}.Debug|Any CPU.ActiveCfg = Debug|Any CPU
		{3F297800-0181-4130-9951-51A8FA3E9874}.Debug|Any CPU.Build.0 = Debug|Any CPU
		{3F297800-0181-4130-9951-51A8FA3E9874}.Release|Any CPU.ActiveCfg = Release|Any CPU
		{3F297800-0181-4130-9951-51A8FA3E9874}.Release|Any CPU.Build.0 = Release|Any CPU
		{65EFAFEE-E209-4A11-B131-94158570C65C}.Debug|Any CPU.ActiveCfg = Debug|Any CPU
		{65EFAFEE-E209-4A11-B131-94158570C65C}.Debug|Any CPU.Build.0 = Debug|Any CPU
		{65EFAFEE-E209-4A11-B131-94158570C65C}.Release|Any CPU.ActiveCfg = Release|Any CPU
		{65EFAFEE-E209-4A11-B131-94158570C65C}.Release|Any CPU.Build.0 = Release|Any CPU
		{06929F1D-9A15-4A1F-8DF6-13DA0181AA71}.Debug|Any CPU.ActiveCfg = Debug|Any CPU
		{06929F1D-9A15-4A1F-8DF6-13DA0181AA71}.Debug|Any CPU.Build.0 = Debug|Any CPU
		{06929F1D-9A15-4A1F-8DF6-13DA0181AA71}.Release|Any CPU.ActiveCfg = Release|Any CPU
		{06929F1D-9A15-4A1F-8DF6-13DA0181AA71}.Release|Any CPU.Build.0 = Release|Any CPU
	EndGlobalSection
EndGlobal
